
Microsoft Visual Studio Solution File, Format Version 12.00
# Visual Studio Version 16
VisualStudioVersion = 16.0.30907.101
MinimumVisualStudioVersion = 10.0.40219.1
Project("{FAE04EC0-301F-11D3-BF4B-00C04F79EFBC}") = "Session_23_ClassLibraryFibonacci", "Session_23_ClassLibraryFibonacci\Session_23_ClassLibraryFibonacci.csproj", "{10A5CE83-B51C-4F10-A69B-010FFDF3559A}"
EndProject
Project("{FAE04EC0-301F-11D3-BF4B-00C04F79EFBC}") = "ClassLibraryFibonacci.Test", "ClassLibraryFibonacci.Test\ClassLibraryFibonacci.Test.csproj", "{8790BB30-31C4-4A43-A7CD-B385FF8A48F5}"
EndProject
Global
	GlobalSection(SolutionConfigurationPlatforms) = preSolution
		Debug|Any CPU = Debug|Any CPU
		Release|Any CPU = Release|Any CPU
	EndGlobalSection
	GlobalSection(ProjectConfigurationPlatforms) = postSolution
		{10A5CE83-B51C-4F10-A69B-010FFDF3559A}.Debug|Any CPU.ActiveCfg = Debug|Any CPU
		{10A5CE83-B51C-4F10-A69B-010FFDF3559A}.Debug|Any CPU.Build.0 = Debug|Any CPU
		{10A5CE83-B51C-4F10-A69B-010FFDF3559A}.Release|Any CPU.ActiveCfg = Release|Any CPU
		{10A5CE83-B51C-4F10-A69B-010FFDF3559A}.Release|Any CPU.Build.0 = Release|Any CPU
		{8790BB30-31C4-4A43-A7CD-B385FF8A48F5}.Debug|Any CPU.ActiveCfg = Debug|Any CPU
		{8790BB30-31C4-4A43-A7CD-B385FF8A48F5}.Debug|Any CPU.Build.0 = Debug|Any CPU
		{8790BB30-31C4-4A43-A7CD-B385FF8A48F5}.Release|Any CPU.ActiveCfg = Release|Any CPU
		{8790BB30-31C4-4A43-A7CD-B385FF8A48F5}.Release|Any CPU.Build.0 = Release|Any CPU
	EndGlobalSection
	GlobalSection(SolutionProperties) = preSolution
		HideSolutionNode = FALSE
	EndGlobalSection
	GlobalSection(ExtensibilityGlobals) = postSolution
		SolutionGuid = {650A07B9-2766-41E5-A2DE-30C39BC2C603}
	EndGlobalSection
EndGlobal
