
Microsoft Visual Studio Solution File, Format Version 12.00
# Visual Studio Version 16
VisualStudioVersion = 16.0.30907.101
MinimumVisualStudioVersion = 10.0.40219.1
Project("{FAE04EC0-301F-11D3-BF4B-00C04F79EFBC}") = "FirstAppConsole", "FirstAppConsole\FirstAppConsole.csproj", "{D1C878E8-4293-4FAF-B4B5-B80A5201D932}"
	ProjectSection(ProjectDependencies) = postProject
		{754A8CF8-81EC-405D-85CD-F2666F0519D9} = {754A8CF8-81EC-405D-85CD-F2666F0519D9}
	EndProjectSection
EndProject
Project("{FAE04EC0-301F-11D3-BF4B-00C04F79EFBC}") = "ClassLibrary1", "ClassLibrary1\ClassLibrary1.csproj", "{754A8CF8-81EC-405D-85CD-F2666F0519D9}"
EndProject
Global
	GlobalSection(SolutionConfigurationPlatforms) = preSolution
		Debug|Any CPU = Debug|Any CPU
		Release|Any CPU = Release|Any CPU
	EndGlobalSection
	GlobalSection(ProjectConfigurationPlatforms) = postSolution
		{D1C878E8-4293-4FAF-B4B5-B80A5201D932}.Debug|Any CPU.ActiveCfg = Debug|Any CPU
		{D1C878E8-4293-4FAF-B4B5-B80A5201D932}.Debug|Any CPU.Build.0 = Debug|Any CPU
		{D1C878E8-4293-4FAF-B4B5-B80A5201D932}.Release|Any CPU.ActiveCfg = Release|Any CPU
		{D1C878E8-4293-4FAF-B4B5-B80A5201D932}.Release|Any CPU.Build.0 = Release|Any CPU
		{754A8CF8-81EC-405D-85CD-F2666F0519D9}.Debug|Any CPU.ActiveCfg = Debug|Any CPU
		{754A8CF8-81EC-405D-85CD-F2666F0519D9}.Debug|Any CPU.Build.0 = Debug|Any CPU
		{754A8CF8-81EC-405D-85CD-F2666F0519D9}.Release|Any CPU.ActiveCfg = Release|Any CPU
		{754A8CF8-81EC-405D-85CD-F2666F0519D9}.Release|Any CPU.Build.0 = Release|Any CPU
	EndGlobalSection
	GlobalSection(SolutionProperties) = preSolution
		HideSolutionNode = FALSE
	EndGlobalSection
	GlobalSection(ExtensibilityGlobals) = postSolution
		SolutionGuid = {589C8843-8655-4DDC-BEBD-3D6DA2E872D5}
	EndGlobalSection
EndGlobal
