
Microsoft Visual Studio Solution File, Format Version 12.00
# Visual Studio Version 16
VisualStudioVersion = 16.0.30907.101
MinimumVisualStudioVersion = 10.0.40219.1
Project("{FAE04EC0-301F-11D3-BF4B-00C04F79EFBC}") = "Session_3_answers", "Session_3_answers\Session_3_answers.csproj", "{A94799F2-4564-432C-A6A8-15648E22A27B}"
EndProject
Global
	GlobalSection(SolutionConfigurationPlatforms) = preSolution
		Debug|Any CPU = Debug|Any CPU
		Release|Any CPU = Release|Any CPU
	EndGlobalSection
	GlobalSection(ProjectConfigurationPlatforms) = postSolution
		{A94799F2-4564-432C-A6A8-15648E22A27B}.Debug|Any CPU.ActiveCfg = Debug|Any CPU
		{A94799F2-4564-432C-A6A8-15648E22A27B}.Debug|Any CPU.Build.0 = Debug|Any CPU
		{A94799F2-4564-432C-A6A8-15648E22A27B}.Release|Any CPU.ActiveCfg = Release|Any CPU
		{A94799F2-4564-432C-A6A8-15648E22A27B}.Release|Any CPU.Build.0 = Release|Any CPU
	EndGlobalSection
	GlobalSection(SolutionProperties) = preSolution
		HideSolutionNode = FALSE
	EndGlobalSection
	GlobalSection(ExtensibilityGlobals) = postSolution
		SolutionGuid = {0B515CC1-9351-4F5D-92B7-0048F62B070F}
	EndGlobalSection
EndGlobal
