
Microsoft Visual Studio Solution File, Format Version 12.00
# Visual Studio Version 16
VisualStudioVersion = 16.0.30907.101
MinimumVisualStudioVersion = 10.0.40219.1
Project("{FAE04EC0-301F-11D3-BF4B-00C04F79EFBC}") = "Session_10_Answers", "Session_10_Answers\Session_10_Answers.csproj", "{9F442A38-4B38-408C-B59B-DD70BE390014}"
EndProject
Global
	GlobalSection(SolutionConfigurationPlatforms) = preSolution
		Debug|Any CPU = Debug|Any CPU
		Release|Any CPU = Release|Any CPU
	EndGlobalSection
	GlobalSection(ProjectConfigurationPlatforms) = postSolution
		{9F442A38-4B38-408C-B59B-DD70BE390014}.Debug|Any CPU.ActiveCfg = Debug|Any CPU
		{9F442A38-4B38-408C-B59B-DD70BE390014}.Debug|Any CPU.Build.0 = Debug|Any CPU
		{9F442A38-4B38-408C-B59B-DD70BE390014}.Release|Any CPU.ActiveCfg = Release|Any CPU
		{9F442A38-4B38-408C-B59B-DD70BE390014}.Release|Any CPU.Build.0 = Release|Any CPU
	EndGlobalSection
	GlobalSection(SolutionProperties) = preSolution
		HideSolutionNode = FALSE
	EndGlobalSection
	GlobalSection(ExtensibilityGlobals) = postSolution
		SolutionGuid = {EE008F73-CCEF-4B68-A991-4CAE3A6108A8}
	EndGlobalSection
EndGlobal
